
Microsoft Visual Studio Solution File, Format Version 12.00
# Visual Studio Version 17
VisualStudioVersion = 17.10.35013.160
MinimumVisualStudioVersion = 10.0.40219.1
Project("{FAE04EC0-301F-11D3-BF4B-00C04F79EFBC}") = "EFCore", "EFCore.csproj", "{4483BE4C-1488-43D3-8B0B-68841D45EDCC}"
EndProject
Global
	GlobalSection(SolutionConfigurationPlatforms) = preSolution
		Debug|Any CPU = Debug|Any CPU
		Release|Any CPU = Release|Any CPU
	EndGlobalSection
	GlobalSection(ProjectConfigurationPlatforms) = postSolution
		{4483BE4C-1488-43D3-8B0B-68841D45EDCC}.Debug|Any CPU.ActiveCfg = Debug|Any CPU
		{4483BE4C-1488-43D3-8B0B-68841D45EDCC}.Debug|Any CPU.Build.0 = Debug|Any CPU
		{4483BE4C-1488-43D3-8B0B-68841D45EDCC}.Release|Any CPU.ActiveCfg = Release|Any CPU
		{4483BE4C-1488-43D3-8B0B-68841D45EDCC}.Release|Any CPU.Build.0 = Release|Any CPU
	EndGlobalSection
	GlobalSection(SolutionProperties) = preSolution
		HideSolutionNode = FALSE
	EndGlobalSection
	GlobalSection(ExtensibilityGlobals) = postSolution
		SolutionGuid = {31116AFC-13AC-40C4-AD10-37EB5A20EBD4}
	EndGlobalSection
EndGlobal
